{
  "name": "test262-regexp-class-escapes",
  "version": "1.0.0",
  "lockfileVersion": 1,
  "requires": true,
  "dependencies": {
    "escape-string-regexp": {
      "version": "1.0.5",
      "resolved": "https://registry.npmjs.org/escape-string-regexp/-/escape-string-regexp-1.0.5.tgz",
      "integrity": "sha1-G2HAViGQqN/2rjuyzwIAyhMLhtQ="
    },
    "filename-reserved-regex": {
      "version": "2.0.0",
      "resolved": "https://registry.npmjs.org/filename-reserved-regex/-/filename-reserved-regex-2.0.0.tgz",
      "integrity": "sha1-q/c9+rc10EVECr/qLZHzieu/oik="
    },
    "filenamify": {
      "version": "2.1.0",
      "resolved": "https://registry.npmjs.org/filenamify/-/filenamify-2.1.0.tgz",
      "integrity": "sha512-ICw7NTT6RsDp2rnYKVd8Fu4cr6ITzGy3+u4vUujPkabyaz+03F24NWEX7fs5fp+kBonlaqPH8fAO2NM+SXt/JA==",
      "requires": {
        "filename-reserved-regex": "^2.0.0",
        "strip-outer": "^1.0.0",
        "trim-repeated": "^1.0.0"
      }
    },
    "jsesc": {
      "version": "2.5.1",
      "resolved": "https://registry.npmjs.org/jsesc/-/jsesc-2.5.1.tgz",
      "integrity": "sha1-5CGiqOINawgZ3yiQj3glJrlt0f4="
    },
    "regenerate": {
      "version": "1.4.0",
      "resolved": "https://registry.npmjs.org/regenerate/-/regenerate-1.4.0.tgz",
      "integrity": "sha512-1G6jJVDWrt0rK99kBjvEtziZNCICAuvIPkSiUFIQxVP06RCVpq3dmDo2oi6ABpYaDYaTRr67BEhL8r1wgEZZKg=="
    },
    "regenerate-unicode-properties": {
      "version": "7.0.0",
      "resolved": "https://registry.npmjs.org/regenerate-unicode-properties/-/regenerate-unicode-properties-7.0.0.tgz",
      "integrity": "sha512-s5NGghCE4itSlUS+0WUj88G6cfMVMmH8boTPNvABf8od+2dhT9WDlWu8n01raQAJZMOK8Ch6jSexaRO7swd6aw==",
      "requires": {
        "regenerate": "^1.4.0"
      }
    },
    "regexpu-core": {
      "version": "4.2.0",
      "resolved": "https://registry.npmjs.org/regexpu-core/-/regexpu-core-4.2.0.tgz",
      "integrity": "sha512-Z835VSnJJ46CNBttalHD/dB+Sj2ezmY6Xp38npwU87peK6mqOzOpV8eYktdkLTEkzzD+JsTcxd84ozd8I14+rw==",
      "requires": {
        "regenerate": "^1.4.0",
        "regenerate-unicode-properties": "^7.0.0",
        "regjsgen": "^0.4.0",
        "regjsparser": "^0.3.0",
        "unicode-match-property-ecmascript": "^1.0.4",
        "unicode-match-property-value-ecmascript": "^1.0.2"
      }
    },
    "regjsgen": {
      "version": "0.4.0",
      "resolved": "https://registry.npmjs.org/regjsgen/-/regjsgen-0.4.0.tgz",
      "integrity": "sha512-X51Lte1gCYUdlwhF28+2YMO0U6WeN0GLpgpA7LK7mbdDnkQYiwvEpmpe0F/cv5L14EbxgrdayAG3JETBv0dbXA=="
    },
    "regjsparser": {
      "version": "0.3.0",
      "resolved": "https://registry.npmjs.org/regjsparser/-/regjsparser-0.3.0.tgz",
      "integrity": "sha512-zza72oZBBHzt64G7DxdqrOo/30bhHkwMUoT0WqfGu98XLd7N+1tsy5MJ96Bk4MD0y74n629RhmrGW6XlnLLwCA==",
      "requires": {
        "jsesc": "~0.5.0"
      },
      "dependencies": {
        "jsesc": {
          "version": "0.5.0",
          "resolved": "https://registry.npmjs.org/jsesc/-/jsesc-0.5.0.tgz",
          "integrity": "sha1-597mbjXW/Bb3EP6R1c9p9w8IkR0="
        }
      }
    },
    "slugify": {
      "version": "1.3.0",
      "resolved": "https://registry.npmjs.org/slugify/-/slugify-1.3.0.tgz",
      "integrity": "sha512-vvz+9ANt7CtdTHwJpfrsHOnGkgxky+CUPnvtzDZBZYFo/H/CdZkd5lJL7z7RqtH/x9QW/ItYYfHlcGf38CBK1w=="
    },
    "strip-outer": {
      "version": "1.0.1",
      "resolved": "https://registry.npmjs.org/strip-outer/-/strip-outer-1.0.1.tgz",
      "integrity": "sha512-k55yxKHwaXnpYGsOzg4Vl8+tDrWylxDEpknGjhTiZB8dFRU5rTo9CAzeycivxV3s+zlTKwrs6WxMxR95n26kwg==",
      "requires": {
        "escape-string-regexp": "^1.0.2"
      }
    },
    "trim-repeated": {
      "version": "1.0.0",
      "resolved": "https://registry.npmjs.org/trim-repeated/-/trim-repeated-1.0.0.tgz",
      "integrity": "sha1-42RqLqTokTEr9+rObPsFOAvAHCE=",
      "requires": {
        "escape-string-regexp": "^1.0.2"
      }
    },
    "unicode-canonical-property-names-ecmascript": {
      "version": "1.0.4",
      "resolved": "https://registry.npmjs.org/unicode-canonical-property-names-ecmascript/-/unicode-canonical-property-names-ecmascript-1.0.4.tgz",
      "integrity": "sha512-jDrNnXWHd4oHiTZnx/ZG7gtUTVp+gCcTTKr8L0HjlwphROEW3+Him+IpvC+xcJEFegapiMZyZe02CyuOnRmbnQ=="
    },
    "unicode-match-property-ecmascript": {
      "version": "1.0.4",
      "resolved": "https://registry.npmjs.org/unicode-match-property-ecmascript/-/unicode-match-property-ecmascript-1.0.4.tgz",
      "integrity": "sha512-L4Qoh15vTfntsn4P1zqnHulG0LdXgjSO035fEpdtp6YxXhMT51Q6vgM5lYdG/5X3MjS+k/Y9Xw4SFCY9IkR0rg==",
      "requires": {
        "unicode-canonical-property-names-ecmascript": "^1.0.4",
        "unicode-property-aliases-ecmascript": "^1.0.4"
      }
    },
    "unicode-match-property-value-ecmascript": {
      "version": "1.0.2",
      "resolved": "https://registry.npmjs.org/unicode-match-property-value-ecmascript/-/unicode-match-property-value-ecmascript-1.0.2.tgz",
      "integrity": "sha512-Rx7yODZC1L/T8XKo/2kNzVAQaRE88AaMvI1EF/Xnj3GW2wzN6fop9DDWuFAKUVFH7vozkz26DzP0qyWLKLIVPQ=="
    },
    "unicode-property-aliases-ecmascript": {
      "version": "1.0.4",
      "resolved": "https://registry.npmjs.org/unicode-property-aliases-ecmascript/-/unicode-property-aliases-ecmascript-1.0.4.tgz",
      "integrity": "sha512-2WSLa6OdYd2ng8oqiGIWnJqyFArvhn+5vgx5GTxMbUYjCYKUcuKS62YLFF0R/BDGlB1yzXjQOLtPAfHsgirEpg=="
    }
  }
}
